
Microsoft Visual Studio Solution File, Format Version 12.00
# Visual Studio Version 16
VisualStudioVersion = 16.0.29409.12
MinimumVisualStudioVersion = 10.0.40219.1
Project("{FAE04EC0-301F-11D3-BF4B-00C04F79EFBC}") = "DebugReplay", "DebugReplay\DebugReplay.csproj", "{06D89B3D-AC79-4518-B672-136D575AD46C}"
EndProject
Global
	GlobalSection(SolutionConfigurationPlatforms) = preSolution
		Debug|Any CPU = Debug|Any CPU
		Release|Any CPU = Release|Any CPU
	EndGlobalSection
	GlobalSection(ProjectConfigurationPlatforms) = postSolution
		{06D89B3D-AC79-4518-B672-136D575AD46C}.Debug|Any CPU.ActiveCfg = Debug|Any CPU
		{06D89B3D-AC79-4518-B672-136D575AD46C}.Debug|Any CPU.Build.0 = Debug|Any CPU
		{06D89B3D-AC79-4518-B672-136D575AD46C}.Release|Any CPU.ActiveCfg = Release|Any CPU
		{06D89B3D-AC79-4518-B672-136D575AD46C}.Release|Any CPU.Build.0 = Release|Any CPU
	EndGlobalSection
	GlobalSection(SolutionProperties) = preSolution
		HideSolutionNode = FALSE
	EndGlobalSection
	GlobalSection(ExtensibilityGlobals) = postSolution
		SolutionGuid = {3118EFE3-33B6-4342-B2D8-47BBCF22063B}
	EndGlobalSection
EndGlobal
